<?xml version="1.0" encoding="utf-8"?>
<Project ToolsVersion="4.0" xmlns="http://schemas.microsoft.com/developer/msbuild/2003">
  <ItemGroup>
    <Filter Include="Source Files">
      <UniqueIdentifier>{4FC737F1-C7A5-4376-A066-2A32D752A2FF}</UniqueIdentifier>
      <Extensions>cpp;c;cc;cxx;def;odl;idl;hpj;bat;asm;asmx</Extensions>
    </Filter>
    <Filter Include="Header Files">
      <UniqueIdentifier>{93995380-89BD-4b04-88EB-625FBE52EBFB}</UniqueIdentifier>
      <Extensions>h;hpp;hxx;hm;inl;inc;xsd</Extensions>
    </Filter>
    <Filter Include="Resource Files">
      <UniqueIdentifier>{67DA6AB6-F800-4c08-8B7A-83BB121AAD01}</UniqueIdentifier>
      <Extensions>rc;ico;cur;bmp;dlg;rc2;rct;bin;rgs;gif;jpg;jpeg;jpe;resx;tiff;tif;png;wav;mfcribbon-ms</Extensions>
    </Filter>
  </ItemGroup>
  <ItemGroup>
    <None Include="falcon.ino" />
  </ItemGroup>
  <ItemGroup>
    <ClInclude Include="Visual Micro\.falcon.vsarduino.h">
      <Filter>Header Files</Filter>
    </ClInclude>
    <ClInclude Include="variables.h">
      <Filter>Header Files</Filter>
    </ClInclude>
    <ClInclude Include="SerialCom.h">
      <Filter>Header Files</Filter>
    </ClInclude>
    <ClInclude Include="FSLPsensor.h">
      <Filter>Header Files</Filter>
    </ClInclude>
    <ClInclude Include="SerialCommand.h">
      <Filter>Header Files</Filter>
    </ClInclude>
    <ClInclude Include="IMU.h">
      <Filter>Header Files</Filter>
    </ClInclude>
    <ClInclude Include="EEPROMAnything.h">
      <Filter>Header Files</Filter>
    </ClInclude>
    <ClInclude Include="I2Cdev.h">
      <Filter>Header Files</Filter>
    </ClInclude>
    <ClInclude Include="MPU6050.h">
      <Filter>Header Files</Filter>
    </ClInclude>
    <ClInclude Include="MPU6050_6Axis_MotionApps20.h">
      <Filter>Header Files</Filter>
    </ClInclude>
    <ClInclude Include="MPU6050_9Axis_MotionApps41.h">
      <Filter>Header Files</Filter>
    </ClInclude>
    <ClInclude Include="helper_3dmath.h">
      <Filter>Header Files</Filter>
    </ClInclude>
    <ClInclude Include="PPMGenerator.h">
      <Filter>Header Files</Filter>
    </ClInclude>
    <ClInclude Include="util.h">
      <Filter>Header Files</Filter>
    </ClInclude>
    <ClInclude Include="PPM.h">
      <Filter>Header Files</Filter>
    </ClInclude>
    <ClInclude Include="MPU6000.h">
      <Filter>Header Files</Filter>
    </ClInclude>
    <ClInclude Include="VehicleLink.h">
      <Filter>Header Files</Filter>
    </ClInclude>
    <ClInclude Include="Controller.h">
      <Filter>Header Files</Filter>
    </ClInclude>
    <ClInclude Include="falconcommon.h">
      <Filter>Header Files</Filter>
    </ClInclude>
    <ClInclude Include="UI.h">
      <Filter>Header Files</Filter>
    </ClInclude>
    <ClInclude Include="DEVICE_COMMON.h">
      <Filter>Header Files</Filter>
    </ClInclude>
    <ClInclude Include="DEVICE_LIDAR_CONTROLLER.h">
      <Filter>Header Files</Filter>
    </ClInclude>
    <ClInclude Include="DEVICE_UART_RC_BRIDGE.h">
      <Filter>Header Files</Filter>
    </ClInclude>
    <ClInclude Include="DEVICE_RC_TRANSMITTER.h">
      <Filter>Header Files</Filter>
    </ClInclude>
    <ClInclude Include="DEVICE_SERIAL_RECEIVER.h">
      <Filter>Header Files</Filter>
    </ClInclude>
    <ClInclude Include="DEVICE_SERIAL_TRANSMITTER.h">
      <Filter>Header Files</Filter>
    </ClInclude>
  </ItemGroup>
  <ItemGroup>
    <ClCompile Include="FSLPsensor.cpp">
      <Filter>Source Files</Filter>
    </ClCompile>
    <ClCompile Include="SerialCommand.cpp">
      <Filter>Source Files</Filter>
    </ClCompile>
    <ClCompile Include="IMU.cpp">
      <Filter>Source Files</Filter>
    </ClCompile>
    <ClCompile Include="I2Cdev.cpp">
      <Filter>Source Files</Filter>
    </ClCompile>
    <ClCompile Include="MPU6050.cpp">
      <Filter>Source Files</Filter>
    </ClCompile>
    <ClCompile Include="PPMGenerator.cpp">
      <Filter>Source Files</Filter>
    </ClCompile>
    <ClCompile Include="MPU6000.cpp">
      <Filter>Source Files</Filter>
    </ClCompile>
    <ClCompile Include="VehicleLink.cpp">
      <Filter>Source Files</Filter>
    </ClCompile>
    <ClCompile Include="Controller.cpp">
      <Filter>Source Files</Filter>
    </ClCompile>
    <ClCompile Include="UI.cpp">
      <Filter>Source Files</Filter>
    </ClCompile>
  </ItemGroup>
</Project>